// !$*UTF8*$!
{
	archiveVersion = 1;
	classes = {
	};
	objectVersion = 46;
	objects = {

/* Begin PBXBuildFile section */
		46A9B5BE196787ED00AC5258 /* Foundation.framework in Frameworks */ = {isa = PBXBuildFile; fileRef = 46A9B5BD196787ED00AC5258 /* Foundation.framework */; };
		46A9B5C0196787ED00AC5258 /* CoreGraphics.framework in Frameworks */ = {isa = PBXBuildFile; fileRef = 46A9B5BF196787ED00AC5258 /* CoreGraphics.framework */; };
		46A9B5C2196787ED00AC5258 /* UIKit.framework in Frameworks */ = {isa = PBXBuildFile; fileRef = 46A9B5C1196787ED00AC5258 /* UIKit.framework */; };
		46A9B5C8196787ED00AC5258 /* InfoPlist.strings in Resources */ = {isa = PBXBuildFile; fileRef = 46A9B5C6196787ED00AC5258 /* InfoPlist.strings */; };
		46A9B5CA196787ED00AC5258 /* main.m in Sources */ = {isa = PBXBuildFile; fileRef = 46A9B5C9196787ED00AC5258 /* main.m */; };
		46A9B5CE196787ED00AC5258 /* AppDelegate.m in Sources */ = {isa = PBXBuildFile; fileRef = 46A9B5CD196787ED00AC5258 /* AppDelegate.m */; };
		46A9B5D0196787ED00AC5258 /* Images.xcassets in Resources */ = {isa = PBXBuildFile; fileRef = 46A9B5CF196787ED00AC5258 /* Images.xcassets */; };
		46A9B5D7196787ED00AC5258 /* XCTest.framework in Frameworks */ = {isa = PBXBuildFile; fileRef = 46A9B5D6196787ED00AC5258 /* XCTest.framework */; };
		46A9B5D8196787ED00AC5258 /* Foundation.framework in Frameworks */ = {isa = PBXBuildFile; fileRef = 46A9B5BD196787ED00AC5258 /* Foundation.framework */; };
		46A9B5D9196787ED00AC5258 /* UIKit.framework in Frameworks */ = {isa = PBXBuildFile; fileRef = 46A9B5C1196787ED00AC5258 /* UIKit.framework */; };
		46A9B5E1196787ED00AC5258 /* InfoPlist.strings in Resources */ = {isa = PBXBuildFile; fileRef = 46A9B5DF196787ED00AC5258 /* InfoPlist.strings */; };
		46A9B5E3196787ED00AC5258 /* BasicApplicationTests.m in Sources */ = {isa = PBXBuildFile; fileRef = 46A9B5E2196787ED00AC5258 /* BasicApplicationTests.m */; };
		46A9B5EF196788A100AC5258 /* MainViewController.m in Sources */ = {isa = PBXBuildFile; fileRef = 46A9B5ED196788A100AC5258 /* MainViewController.m */; };
		46A9B5F0196788A100AC5258 /* MainViewController.xib in Resources */ = {isa = PBXBuildFile; fileRef = 46A9B5EE196788A100AC5258 /* MainViewController.xib */; };
/* End PBXBuildFile section */

/* Begin PBXContainerItemProxy section */
		46A9B5DA196787ED00AC5258 /* PBXContainerItemProxy */ = {
			isa = PBXContainerItemProxy;
			containerPortal = 46A9B5B2196787ED00AC5258 /* Project object */;
			proxyType = 1;
			remoteGlobalIDString = 46A9B5B9196787ED00AC5258;
			remoteInfo = BasicApplication;
		};
/* End PBXContainerItemProxy section */

/* Begin PBXFileReference section */
		46A9B5BA196787ED00AC5258 /* BasicApplication.app */ = {isa = PBXFileReference; explicitFileType = wrapper.application; includeInIndex = 0; path = BasicApplication.app; sourceTree = BUILT_PRODUCTS_DIR; };
		46A9B5BD196787ED00AC5258 /* Foundation.framework */ = {isa = PBXFileReference; lastKnownFileType = wrapper.framework; name = Foundation.framework; path = System/Library/Frameworks/Foundation.framework; sourceTree = SDKROOT; };
		46A9B5BF196787ED00AC5258 /* CoreGraphics.framework */ = {isa = PBXFileReference; lastKnownFileType = wrapper.framework; name = CoreGraphics.framework; path = System/Library/Frameworks/CoreGraphics.framework; sourceTree = SDKROOT; };
		46A9B5C1196787ED00AC5258 /* UIKit.framework */ = {isa = PBXFileReference; lastKnownFileType = wrapper.framework; name = UIKit.framework; path = System/Library/Frameworks/UIKit.framework; sourceTree = SDKROOT; };
		46A9B5C5196787ED00AC5258 /* BasicApplication-Info.plist */ = {isa = PBXFileReference; lastKnownFileType = text.plist.xml; path = "BasicApplication-Info.plist"; sourceTree = "<group>"; };
		46A9B5C7196787ED00AC5258 /* en */ = {isa = PBXFileReference; lastKnownFileType = text.plist.strings; name = en; path = en.lproj/InfoPlist.strings; sourceTree = "<group>"; };
		46A9B5C9196787ED00AC5258 /* main.m */ = {isa = PBXFileReference; lastKnownFileType = sourcecode.c.objc; path = main.m; sourceTree = "<group>"; };
		46A9B5CB196787ED00AC5258 /* BasicApplication-Prefix.pch */ = {isa = PBXFileReference; lastKnownFileType = sourcecode.c.h; path = "BasicApplication-Prefix.pch"; sourceTree = "<group>"; };
		46A9B5CC196787ED00AC5258 /* AppDelegate.h */ = {isa = PBXFileReference; lastKnownFileType = sourcecode.c.h; path = AppDelegate.h; sourceTree = "<group>"; };
		46A9B5CD196787ED00AC5258 /* AppDelegate.m */ = {isa = PBXFileReference; lastKnownFileType = sourcecode.c.objc; path = AppDelegate.m; sourceTree = "<group>"; };
		46A9B5CF196787ED00AC5258 /* Images.xcassets */ = {isa = PBXFileReference; lastKnownFileType = folder.assetcatalog; path = Images.xcassets; sourceTree = "<group>"; };
		46A9B5D5196787ED00AC5258 /* BasicApplicationTests.xctest */ = {isa = PBXFileReference; explicitFileType = wrapper.cfbundle; includeInIndex = 0; path = BasicApplicationTests.xctest; sourceTree = BUILT_PRODUCTS_DIR; };
		46A9B5D6196787ED00AC5258 /* XCTest.framework */ = {isa = PBXFileReference; lastKnownFileType = wrapper.framework; name = XCTest.framework; path = Library/Frameworks/XCTest.framework; sourceTree = DEVELOPER_DIR; };
		46A9B5DE196787ED00AC5258 /* BasicApplicationTests-Info.plist */ = {isa = PBXFileReference; lastKnownFileType = text.plist.xml; path = "BasicApplicationTests-Info.plist"; sourceTree = "<group>"; };
		46A9B5E0196787ED00AC5258 /* en */ = {isa = PBXFileReference; lastKnownFileType = text.plist.strings; name = en; path = en.lproj/InfoPlist.strings; sourceTree = "<group>"; };
		46A9B5E2196787ED00AC5258 /* BasicApplicationTests.m */ = {isa = PBXFileReference; lastKnownFileType = sourcecode.c.objc; path = BasicApplicationTests.m; sourceTree = "<group>"; };
		46A9B5EC196788A100AC5258 /* MainViewController.h */ = {isa = PBXFileReference; fileEncoding = 4; lastKnownFileType = sourcecode.c.h; path = MainViewController.h; sourceTree = "<group>"; };
		46A9B5ED196788A100AC5258 /* MainViewController.m */ = {isa = PBXFileReference; fileEncoding = 4; lastKnownFileType = sourcecode.c.objc; path = MainViewController.m; sourceTree = "<group>"; };
		46A9B5EE196788A100AC5258 /* MainViewController.xib */ = {isa = PBXFileReference; fileEncoding = 4; lastKnownFileType = file.xib; path = MainViewController.xib; sourceTree = "<group>"; };
/* End PBXFileReference section */

/* Begin PBXFrameworksBuildPhase section */
		46A9B5B7196787ED00AC5258 /* Frameworks */ = {
			isa = PBXFrameworksBuildPhase;
			buildActionMask = 2147483647;
			files = (
				46A9B5C0196787ED00AC5258 /* CoreGraphics.framework in Frameworks */,
				46A9B5C2196787ED00AC5258 /* UIKit.framework in Frameworks */,
				46A9B5BE196787ED00AC5258 /* Foundation.framework in Frameworks */,
			);
			runOnlyForDeploymentPostprocessing = 0;
		};
		46A9B5D2196787ED00AC5258 /* Frameworks */ = {
			isa = PBXFrameworksBuildPhase;
			buildActionMask = 2147483647;
			files = (
				46A9B5D7196787ED00AC5258 /* XCTest.framework in Frameworks */,
				46A9B5D9196787ED00AC5258 /* UIKit.framework in Frameworks */,
				46A9B5D8196787ED00AC5258 /* Foundation.framework in Frameworks */,
			);
			runOnlyForDeploymentPostprocessing = 0;
		};
/* End PBXFrameworksBuildPhase section */

/* Begin PBXGroup section */
		46A9B5B1196787ED00AC5258 = {
			isa = PBXGroup;
			children = (
				46A9B5C3196787ED00AC5258 /* BasicApplication */,
				46A9B5DC196787ED00AC5258 /* BasicApplicationTests */,
				46A9B5BC196787ED00AC5258 /* Frameworks */,
				46A9B5BB196787ED00AC5258 /* Products */,
			);
			sourceTree = "<group>";
		};
		46A9B5BB196787ED00AC5258 /* Products */ = {
			isa = PBXGroup;
			children = (
				46A9B5BA196787ED00AC5258 /* BasicApplication.app */,
				46A9B5D5196787ED00AC5258 /* BasicApplicationTests.xctest */,
			);
			name = Products;
			sourceTree = "<group>";
		};
		46A9B5BC196787ED00AC5258 /* Frameworks */ = {
			isa = PBXGroup;
			children = (
				46A9B5BD196787ED00AC5258 /* Foundation.framework */,
				46A9B5BF196787ED00AC5258 /* CoreGraphics.framework */,
				46A9B5C1196787ED00AC5258 /* UIKit.framework */,
				46A9B5D6196787ED00AC5258 /* XCTest.framework */,
			);
			name = Frameworks;
			sourceTree = "<group>";
		};
		46A9B5C3196787ED00AC5258 /* BasicApplication */ = {
			isa = PBXGroup;
			children = (
				46A9B5F2196788E000AC5258 /* Controller */,
				46A9B5F1196788C500AC5258 /* View */,
				46A9B5CF196787ED00AC5258 /* Images.xcassets */,
				46A9B5C4196787ED00AC5258 /* Supporting Files */,
			);
			path = BasicApplication;
			sourceTree = "<group>";
		};
		46A9B5C4196787ED00AC5258 /* Supporting Files */ = {
			isa = PBXGroup;
			children = (
				46A9B5C5196787ED00AC5258 /* BasicApplication-Info.plist */,
				46A9B5C6196787ED00AC5258 /* InfoPlist.strings */,
				46A9B5C9196787ED00AC5258 /* main.m */,
				46A9B5CB196787ED00AC5258 /* BasicApplication-Prefix.pch */,
			);
			name = "Supporting Files";
			sourceTree = "<group>";
		};
		46A9B5DC196787ED00AC5258 /* BasicApplicationTests */ = {
			isa = PBXGroup;
			children = (
				46A9B5E2196787ED00AC5258 /* BasicApplicationTests.m */,
				46A9B5DD196787ED00AC5258 /* Supporting Files */,
			);
			path = BasicApplicationTests;
			sourceTree = "<group>";
		};
		46A9B5DD196787ED00AC5258 /* Supporting Files */ = {
			isa = PBXGroup;
			children = (
				46A9B5DE196787ED00AC5258 /* BasicApplicationTests-Info.plist */,
				46A9B5DF196787ED00AC5258 /* InfoPlist.strings */,
			);
			name = "Supporting Files";
			sourceTree = "<group>";
		};
		46A9B5F1196788C500AC5258 /* View */ = {
			isa = PBXGroup;
			children = (
				46A9B5EE196788A100AC5258 /* MainViewController.xib */,
			);
			name = View;
			sourceTree = "<group>";
		};
		46A9B5F2196788E000AC5258 /* Controller */ = {
			isa = PBXGroup;
			children = (
				46A9B5CC196787ED00AC5258 /* AppDelegate.h */,
				46A9B5CD196787ED00AC5258 /* AppDelegate.m */,
				46A9B5EC196788A100AC5258 /* MainViewController.h */,
				46A9B5ED196788A100AC5258 /* MainViewController.m */,
			);
			name = Controller;
			sourceTree = "<group>";
		};
/* End PBXGroup section */

/* Begin PBXNativeTarget section */
		46A9B5B9196787ED00AC5258 /* BasicApplication */ = {
			isa = PBXNativeTarget;
			buildConfigurationList = 46A9B5E6196787ED00AC5258 /* Build configuration list for PBXNativeTarget "BasicApplication" */;
			buildPhases = (
				46A9B5B6196787ED00AC5258 /* Sources */,
				46A9B5B7196787ED00AC5258 /* Frameworks */,
				46A9B5B8196787ED00AC5258 /* Resources */,
			);
			buildRules = (
			);
			dependencies = (
			);
			name = BasicApplication;
			productName = BasicApplication;
			productReference = 46A9B5BA196787ED00AC5258 /* BasicApplication.app */;
			productType = "com.apple.product-type.application";
		};
		46A9B5D4196787ED00AC5258 /* BasicApplicationTests */ = {
			isa = PBXNativeTarget;
			buildConfigurationList = 46A9B5E9196787ED00AC5258 /* Build configuration list for PBXNativeTarget "BasicApplicationTests" */;
			buildPhases = (
				46A9B5D1196787ED00AC5258 /* Sources */,
				46A9B5D2196787ED00AC5258 /* Frameworks */,
				46A9B5D3196787ED00AC5258 /* Resources */,
			);
			buildRules = (
			);
			dependencies = (
				46A9B5DB196787ED00AC5258 /* PBXTargetDependency */,
			);
			name = BasicApplicationTests;
			productName = BasicApplicationTests;
			productReference = 46A9B5D5196787ED00AC5258 /* BasicApplicationTests.xctest */;
			productType = "com.apple.product-type.bundle.unit-test";
		};
/* End PBXNativeTarget section */

/* Begin PBXProject section */
		46A9B5B2196787ED00AC5258 /* Project object */ = {
			isa = PBXProject;
			attributes = {
				LastUpgradeCheck = 0510;
				ORGANIZATIONNAME = "Abhishek Desai";
				TargetAttributes = {
					46A9B5D4196787ED00AC5258 = {
						TestTargetID = 46A9B5B9196787ED00AC5258;
					};
				};
			};
			buildConfigurationList = 46A9B5B5196787ED00AC5258 /* Build configuration list for PBXProject "BasicApplication" */;
			compatibilityVersion = "Xcode 3.2";
			developmentRegion = English;
			hasScannedForEncodings = 0;
			knownRegions = (
				en,
			);
			mainGroup = 46A9B5B1196787ED00AC5258;
			productRefGroup = 46A9B5BB196787ED00AC5258 /* Products */;
			projectDirPath = "";
			projectRoot = "";
			targets = (
				46A9B5B9196787ED00AC5258 /* BasicApplication */,
				46A9B5D4196787ED00AC5258 /* BasicApplicationTests */,
			);
		};
/* End PBXProject section */

/* Begin PBXResourcesBuildPhase section */
		46A9B5B8196787ED00AC5258 /* Resources */ = {
			isa = PBXResourcesBuildPhase;
			buildActionMask = 2147483647;
			files = (
				46A9B5C8196787ED00AC5258 /* InfoPlist.strings in Resources */,
				46A9B5F0196788A100AC5258 /* MainViewController.xib in Resources */,
				46A9B5D0196787ED00AC5258 /* Images.xcassets in Resources */,
			);
			runOnlyForDeploymentPostprocessing = 0;
		};
		46A9B5D3196787ED00AC5258 /* Resources */ = {
			isa = PBXResourcesBuildPhase;
			buildActionMask = 2147483647;
			files = (
				46A9B5E1196787ED00AC5258 /* InfoPlist.strings in Resources */,
			);
			runOnlyForDeploymentPostprocessing = 0;
		};
/* End PBXResourcesBuildPhase section */

/* Begin PBXSourcesBuildPhase section */
		46A9B5B6196787ED00AC5258 /* Sources */ = {
			isa = PBXSourcesBuildPhase;
			buildActionMask = 2147483647;
			files = (
				46A9B5CE196787ED00AC5258 /* AppDelegate.m in Sources */,
				46A9B5EF196788A100AC5258 /* MainViewController.m in Sources */,
				46A9B5CA196787ED00AC5258 /* main.m in Sources */,
			);
			runOnlyForDeploymentPostprocessing = 0;
		};
		46A9B5D1196787ED00AC5258 /* Sources */ = {
			isa = PBXSourcesBuildPhase;
			buildActionMask = 2147483647;
			files = (
				46A9B5E3196787ED00AC5258 /* BasicApplicationTests.m in Sources */,
			);
			runOnlyForDeploymentPostprocessing = 0;
		};
/* End PBXSourcesBuildPhase section */

/* Begin PBXTargetDependency section */
		46A9B5DB196787ED00AC5258 /* PBXTargetDependency */ = {
			isa = PBXTargetDependency;
			target = 46A9B5B9196787ED00AC5258 /* BasicApplication */;
			targetProxy = 46A9B5DA196787ED00AC5258 /* PBXContainerItemProxy */;
		};
/* End PBXTargetDependency section */

/* Begin PBXVariantGroup section */
		46A9B5C6196787ED00AC5258 /* InfoPlist.strings */ = {
			isa = PBXVariantGroup;
			children = (
				46A9B5C7196787ED00AC5258 /* en */,
			);
			name = InfoPlist.strings;
			sourceTree = "<group>";
		};
		46A9B5DF196787ED00AC5258 /* InfoPlist.strings */ = {
			isa = PBXVariantGroup;
			children = (
				46A9B5E0196787ED00AC5258 /* en */,
			);
			name = InfoPlist.strings;
			sourceTree = "<group>";
		};
/* End PBXVariantGroup section */

/* Begin XCBuildConfiguration section */
		46A9B5E4196787ED00AC5258 /* Debug */ = {
			isa = XCBuildConfiguration;
			buildSettings = {
				ALWAYS_SEARCH_USER_PATHS = NO;
				CLANG_CXX_LANGUAGE_STANDARD = "gnu++0x";
				CLANG_CXX_LIBRARY = "libc++";
				CLANG_ENABLE_MODULES = YES;
				CLANG_ENABLE_OBJC_ARC = YES;
				CLANG_WARN_BOOL_CONVERSION = YES;
				CLANG_WARN_CONSTANT_CONVERSION = YES;
				CLANG_WARN_DIRECT_OBJC_ISA_USAGE = YES_ERROR;
				CLANG_WARN_EMPTY_BODY = YES;
				CLANG_WARN_ENUM_CONVERSION = YES;
				CLANG_WARN_INT_CONVERSION = YES;
				CLANG_WARN_OBJC_ROOT_CLASS = YES_ERROR;
				CLANG_WARN__DUPLICATE_METHOD_MATCH = YES;
				"CODE_SIGN_IDENTITY[sdk=iphoneos*]" = "iPhone Developer";
				COPY_PHASE_STRIP = NO;
				GCC_C_LANGUAGE_STANDARD = gnu99;
				GCC_DYNAMIC_NO_PIC = NO;
				GCC_OPTIMIZATION_LEVEL = 0;
				GCC_PREPROCESSOR_DEFINITIONS = (
					"DEBUG=1",
					"$(inherited)",
				);
				GCC_SYMBOLS_PRIVATE_EXTERN = NO;
				GCC_WARN_64_TO_32_BIT_CONVERSION = YES;
				GCC_WARN_ABOUT_RETURN_TYPE = YES_ERROR;
				GCC_WARN_UNDECLARED_SELECTOR = YES;
				GCC_WARN_UNINITIALIZED_AUTOS = YES_AGGRESSIVE;
				GCC_WARN_UNUSED_FUNCTION = YES;
				GCC_WARN_UNUSED_VARIABLE = YES;
				IPHONEOS_DEPLOYMENT_TARGET = 7.1;
				ONLY_ACTIVE_ARCH = YES;
				SDKROOT = iphoneos;
			};
			name = Debug;
		};
		46A9B5E5196787ED00AC5258 /* Release */ = {
			isa = XCBuildConfiguration;
			buildSettings = {
				ALWAYS_SEARCH_USER_PATHS = NO;
				CLANG_CXX_LANGUAGE_STANDARD = "gnu++0x";
				CLANG_CXX_LIBRARY = "libc++";
				CLANG_ENABLE_MODULES = YES;
				CLANG_ENABLE_OBJC_ARC = YES;
				CLANG_WARN_BOOL_CONVERSION = YES;
				CLANG_WARN_CONSTANT_CONVERSION = YES;
				CLANG_WARN_DIRECT_OBJC_ISA_USAGE = YES_ERROR;
				CLANG_WARN_EMPTY_BODY = YES;
				CLANG_WARN_ENUM_CONVERSION = YES;
				CLANG_WARN_INT_CONVERSION = YES;
				CLANG_WARN_OBJC_ROOT_CLASS = YES_ERROR;
				CLANG_WARN__DUPLICATE_METHOD_MATCH = YES;
				"CODE_SIGN_IDENTITY[sdk=iphoneos*]" = "iPhone Developer";
				COPY_PHASE_STRIP = YES;
				ENABLE_NS_ASSERTIONS = NO;
				GCC_C_LANGUAGE_STANDARD = gnu99;
				GCC_WARN_64_TO_32_BIT_CONVERSION = YES;
				GCC_WARN_ABOUT_RETURN_TYPE = YES_ERROR;
				GCC_WARN_UNDECLARED_SELECTOR = YES;
				GCC_WARN_UNINITIALIZED_AUTOS = YES_AGGRESSIVE;
				GCC_WARN_UNUSED_FUNCTION = YES;
				GCC_WARN_UNUSED_VARIABLE = YES;
				IPHONEOS_DEPLOYMENT_TARGET = 7.1;
				SDKROOT = iphoneos;
				VALIDATE_PRODUCT = YES;
			};
			name = Release;
		};
		46A9B5E7196787ED00AC5258 /* Debug */ = {
			isa = XCBuildConfiguration;
			buildSettings = {
				ASSETCATALOG_COMPILER_APPICON_NAME = AppIcon;
				ASSETCATALOG_COMPILER_LAUNCHIMAGE_NAME = LaunchImage;
				GCC_PRECOMPILE_PREFIX_HEADER = YES;
				GCC_PREFIX_HEADER = "BasicApplication/BasicApplication-Prefix.pch";
				INFOPLIST_FILE = "BasicApplication/BasicApplication-Info.plist";
				PRODUCT_NAME = "$(TARGET_NAME)";
				WRAPPER_EXTENSION = app;
			};
			name = Debug;
		};
		46A9B5E8196787ED00AC5258 /* Release */ = {
			isa = XCBuildConfiguration;
			buildSettings = {
				ASSETCATALOG_COMPILER_APPICON_NAME = AppIcon;
				ASSETCATALOG_COMPILER_LAUNCHIMAGE_NAME = LaunchImage;
				GCC_PRECOMPILE_PREFIX_HEADER = YES;
				GCC_PREFIX_HEADER = "BasicApplication/BasicApplication-Prefix.pch";
				INFOPLIST_FILE = "BasicApplication/BasicApplication-Info.plist";
				PRODUCT_NAME = "$(TARGET_NAME)";
				WRAPPER_EXTENSION = app;
			};
			name = Release;
		};
		46A9B5EA196787ED00AC5258 /* Debug */ = {
			isa = XCBuildConfiguration;
			buildSettings = {
				BUNDLE_LOADER = "$(BUILT_PRODUCTS_DIR)/BasicApplication.app/BasicApplication";
				FRAMEWORK_SEARCH_PATHS = (
					"$(SDKROOT)/Developer/Library/Frameworks",
					"$(inherited)",
					"$(DEVELOPER_FRAMEWORKS_DIR)",
				);
				GCC_PRECOMPILE_PREFIX_HEADER = YES;
				GCC_PREFIX_HEADER = "BasicApplication/BasicApplication-Prefix.pch";
				GCC_PREPROCESSOR_DEFINITIONS = (
					"DEBUG=1",
					"$(inherited)",
				);
				INFOPLIST_FILE = "BasicApplicationTests/BasicApplicationTests-Info.plist";
				PRODUCT_NAME = "$(TARGET_NAME)";
				TEST_HOST = "$(BUNDLE_LOADER)";
				WRAPPER_EXTENSION = xctest;
			};
			name = Debug;
		};
		46A9B5EB196787ED00AC5258 /* Release */ = {
			isa = XCBuildConfiguration;
			buildSettings = {
				BUNDLE_LOADER = "$(BUILT_PRODUCTS_DIR)/BasicApplication.app/BasicApplication";
				FRAMEWORK_SEARCH_PATHS = (
					"$(SDKROOT)/Developer/Library/Frameworks",
					"$(inherited)",
					"$(DEVELOPER_FRAMEWORKS_DIR)",
				);
				GCC_PRECOMPILE_PREFIX_HEADER = YES;
				GCC_PREFIX_HEADER = "BasicApplication/BasicApplication-Prefix.pch";
				INFOPLIST_FILE = "BasicApplicationTests/BasicApplicationTests-Info.plist";
				PRODUCT_NAME = "$(TARGET_NAME)";
				TEST_HOST = "$(BUNDLE_LOADER)";
				WRAPPER_EXTENSION = xctest;
			};
			name = Release;
		};
/* End XCBuildConfiguration section */

/* Begin XCConfigurationList section */
		46A9B5B5196787ED00AC5258 /* Build configuration list for PBXProject "BasicApplication" */ = {
			isa = XCConfigurationList;
			buildConfigurations = (
				46A9B5E4196787ED00AC5258 /* Debug */,
				46A9B5E5196787ED00AC5258 /* Release */,
			);
			defaultConfigurationIsVisible = 0;
			defaultConfigurationName = Release;
		};
		46A9B5E6196787ED00AC5258 /* Build configuration list for PBXNativeTarget "BasicApplication" */ = {
			isa = XCConfigurationList;
			buildConfigurations = (
				46A9B5E7196787ED00AC5258 /* Debug */,
				46A9B5E8196787ED00AC5258 /* Release */,
			);
			defaultConfigurationIsVisible = 0;
		};
		46A9B5E9196787ED00AC5258 /* Build configuration list for PBXNativeTarget "BasicApplicationTests" */ = {
			isa = XCConfigurationList;
			buildConfigurations = (
				46A9B5EA196787ED00AC5258 /* Debug */,
				46A9B5EB196787ED00AC5258 /* Release */,
			);
			defaultConfigurationIsVisible = 0;
		};
/* End XCConfigurationList section */
	};
	rootObject = 46A9B5B2196787ED00AC5258 /* Project object */;
}
